
Microsoft Visual Studio Solution File, Format Version 12.00
# Visual Studio Version 17
VisualStudioVersion = 17.6.33829.357
MinimumVisualStudioVersion = 10.0.40219.1
Project("{9A19103F-16F7-4668-BE54-9A1E7A4F7556}") = "Ref_vs_Value_Types", "Ref_vs_Value_Types\Ref_vs_Value_Types.csproj", "{8723895D-A0DE-43B6-9E46-109DAF9956AF}"
EndProject
Project("{9A19103F-16F7-4668-BE54-9A1E7A4F7556}") = "GuessingGame", "GuessingGame\GuessingGame.csproj", "{0D4C277C-7B5C-4DBD-BB51-144E65C96D6A}"
EndProject
Project("{9A19103F-16F7-4668-BE54-9A1E7A4F7556}") = "ADTs_and_DSs", "ADTs_and_DSs\ADTs_and_DSs.csproj", "{A0BBF463-4964-4C76-8E36-C9C9F0D98F6E}"
EndProject
Project("{9A19103F-16F7-4668-BE54-9A1E7A4F7556}") = "SampleAlgorithms", "SampleAlgorithms\SampleAlgorithms.csproj", "{568DE1D8-F5B6-4373-9499-14FA75082293}"
EndProject
Project("{9A19103F-16F7-4668-BE54-9A1E7A4F7556}") = "SortingAlgorithms", "SortingAlgorithms\SortingAlgorithms.csproj", "{5A283935-57DC-4662-B98D-4D009D2BD0CA}"
EndProject
Project("{9A19103F-16F7-4668-BE54-9A1E7A4F7556}") = "TreeDataStructures", "TreeDataStructures\TreeDataStructures.csproj", "{EE876FFC-60F1-4FAC-8BEE-E1535E9EC2E0}"
EndProject
Project("{FAE04EC0-301F-11D3-BF4B-00C04F79EFBC}") = "PRNG", "PRNG\PRNG.csproj", "{12408F07-F79C-48F6-B753-F5FF9073D089}"
EndProject
Global
	GlobalSection(SolutionConfigurationPlatforms) = preSolution
		Debug|Any CPU = Debug|Any CPU
		Release|Any CPU = Release|Any CPU
	EndGlobalSection
	GlobalSection(ProjectConfigurationPlatforms) = postSolution
		{8723895D-A0DE-43B6-9E46-109DAF9956AF}.Debug|Any CPU.ActiveCfg = Debug|Any CPU
		{8723895D-A0DE-43B6-9E46-109DAF9956AF}.Debug|Any CPU.Build.0 = Debug|Any CPU
		{8723895D-A0DE-43B6-9E46-109DAF9956AF}.Release|Any CPU.ActiveCfg = Release|Any CPU
		{8723895D-A0DE-43B6-9E46-109DAF9956AF}.Release|Any CPU.Build.0 = Release|Any CPU
		{0D4C277C-7B5C-4DBD-BB51-144E65C96D6A}.Debug|Any CPU.ActiveCfg = Debug|Any CPU
		{0D4C277C-7B5C-4DBD-BB51-144E65C96D6A}.Debug|Any CPU.Build.0 = Debug|Any CPU
		{0D4C277C-7B5C-4DBD-BB51-144E65C96D6A}.Release|Any CPU.ActiveCfg = Release|Any CPU
		{0D4C277C-7B5C-4DBD-BB51-144E65C96D6A}.Release|Any CPU.Build.0 = Release|Any CPU
		{A0BBF463-4964-4C76-8E36-C9C9F0D98F6E}.Debug|Any CPU.ActiveCfg = Debug|Any CPU
		{A0BBF463-4964-4C76-8E36-C9C9F0D98F6E}.Debug|Any CPU.Build.0 = Debug|Any CPU
		{A0BBF463-4964-4C76-8E36-C9C9F0D98F6E}.Release|Any CPU.ActiveCfg = Release|Any CPU
		{A0BBF463-4964-4C76-8E36-C9C9F0D98F6E}.Release|Any CPU.Build.0 = Release|Any CPU
		{568DE1D8-F5B6-4373-9499-14FA75082293}.Debug|Any CPU.ActiveCfg = Debug|Any CPU
		{568DE1D8-F5B6-4373-9499-14FA75082293}.Debug|Any CPU.Build.0 = Debug|Any CPU
		{568DE1D8-F5B6-4373-9499-14FA75082293}.Release|Any CPU.ActiveCfg = Release|Any CPU
		{568DE1D8-F5B6-4373-9499-14FA75082293}.Release|Any CPU.Build.0 = Release|Any CPU
		{5A283935-57DC-4662-B98D-4D009D2BD0CA}.Debug|Any CPU.ActiveCfg = Debug|Any CPU
		{5A283935-57DC-4662-B98D-4D009D2BD0CA}.Debug|Any CPU.Build.0 = Debug|Any CPU
		{5A283935-57DC-4662-B98D-4D009D2BD0CA}.Release|Any CPU.ActiveCfg = Release|Any CPU
		{5A283935-57DC-4662-B98D-4D009D2BD0CA}.Release|Any CPU.Build.0 = Release|Any CPU
		{EE876FFC-60F1-4FAC-8BEE-E1535E9EC2E0}.Debug|Any CPU.ActiveCfg = Debug|Any CPU
		{EE876FFC-60F1-4FAC-8BEE-E1535E9EC2E0}.Debug|Any CPU.Build.0 = Debug|Any CPU
		{EE876FFC-60F1-4FAC-8BEE-E1535E9EC2E0}.Release|Any CPU.ActiveCfg = Release|Any CPU
		{EE876FFC-60F1-4FAC-8BEE-E1535E9EC2E0}.Release|Any CPU.Build.0 = Release|Any CPU
		{12408F07-F79C-48F6-B753-F5FF9073D089}.Debug|Any CPU.ActiveCfg = Debug|Any CPU
		{12408F07-F79C-48F6-B753-F5FF9073D089}.Debug|Any CPU.Build.0 = Debug|Any CPU
		{12408F07-F79C-48F6-B753-F5FF9073D089}.Release|Any CPU.ActiveCfg = Release|Any CPU
		{12408F07-F79C-48F6-B753-F5FF9073D089}.Release|Any CPU.Build.0 = Release|Any CPU
	EndGlobalSection
	GlobalSection(SolutionProperties) = preSolution
		HideSolutionNode = FALSE
	EndGlobalSection
	GlobalSection(ExtensibilityGlobals) = postSolution
		SolutionGuid = {B244C300-3ED7-4D73-B69E-798C671D983E}
	EndGlobalSection
EndGlobal
